
Microsoft Visual Studio Solution File, Format Version 12.00
# Visual Studio Version 17
VisualStudioVersion = 17.4.33110.190
MinimumVisualStudioVersion = 10.0.40219.1
Project("{9A19103F-16F7-4668-BE54-9A1E7A4F7556}") = "StefansSuperShop", "StefansSuperShop\StefansSuperShop.csproj", "{5F034D39-3D57-4C89-8F6F-A782F0A3E046}"
EndProject
Project("{FAE04EC0-301F-11D3-BF4B-00C04F79EFBC}") = "StefansSuperShopTests", "StefansSuperShopTests\StefansSuperShopTests.csproj", "{34DACDBC-0AE7-4005-8C95-DFF154F92CF4}"
EndProject
Global
	GlobalSection(SolutionConfigurationPlatforms) = preSolution
		Debug|Any CPU = Debug|Any CPU
		Release|Any CPU = Release|Any CPU
	EndGlobalSection
	GlobalSection(ProjectConfigurationPlatforms) = postSolution
		{5F034D39-3D57-4C89-8F6F-A782F0A3E046}.Debug|Any CPU.ActiveCfg = Debug|Any CPU
		{5F034D39-3D57-4C89-8F6F-A782F0A3E046}.Debug|Any CPU.Build.0 = Debug|Any CPU
		{5F034D39-3D57-4C89-8F6F-A782F0A3E046}.Release|Any CPU.ActiveCfg = Release|Any CPU
		{5F034D39-3D57-4C89-8F6F-A782F0A3E046}.Release|Any CPU.Build.0 = Release|Any CPU
		{34DACDBC-0AE7-4005-8C95-DFF154F92CF4}.Debug|Any CPU.ActiveCfg = Debug|Any CPU
		{34DACDBC-0AE7-4005-8C95-DFF154F92CF4}.Debug|Any CPU.Build.0 = Debug|Any CPU
		{34DACDBC-0AE7-4005-8C95-DFF154F92CF4}.Release|Any CPU.ActiveCfg = Release|Any CPU
		{34DACDBC-0AE7-4005-8C95-DFF154F92CF4}.Release|Any CPU.Build.0 = Release|Any CPU
	EndGlobalSection
	GlobalSection(SolutionProperties) = preSolution
		HideSolutionNode = FALSE
	EndGlobalSection
	GlobalSection(ExtensibilityGlobals) = postSolution
		SolutionGuid = {94A0EC6F-65FB-45AF-BF1E-98EC2E0D2215}
	EndGlobalSection
EndGlobal
